# This is a Gradle generated file for dependency locking.
# Manual edits can break the build and are not advised.
# This file is expected to be part of source control.
ca.weblite:java-objc-bridge:1.0.0=loaderLibraries,minecraftLibraries
com.github.oshi:oshi-core:5.8.2=loaderLibraries,minecraftLibraries
com.google.code.gson:gson:2.8.8=loaderLibraries,minecraftLibraries
com.google.guava:failureaccess:1.0.1=loaderLibraries,minecraftLibraries
com.google.guava:guava:31.0.1-jre=loaderLibraries,minecraftLibraries
com.ibm.icu:icu4j:69.1=loaderLibraries,minecraftLibraries
com.mojang:authlib:3.2.38=loaderLibraries,minecraftLibraries
com.mojang:blocklist:1.0.6=loaderLibraries,minecraftLibraries
com.mojang:brigadier:1.0.18=loaderLibraries,minecraftLibraries
com.mojang:datafixerupper:4.0.26=loaderLibraries,minecraftLibraries
com.mojang:javabridge:1.2.24=loaderLibraries,minecraftLibraries
com.mojang:patchy:2.1.6=loaderLibraries,minecraftLibraries
com.mojang:text2speech:1.11.3=loaderLibraries,minecraftLibraries
commons-codec:commons-codec:1.15=loaderLibraries,minecraftLibraries
commons-io:commons-io:2.11.0=loaderLibraries,minecraftLibraries
commons-logging:commons-logging:1.2=loaderLibraries,minecraftLibraries
io.netty:netty-all:4.1.68.Final=loaderLibraries,minecraftLibraries
it.unimi.dsi:fastutil:8.5.6=loaderLibraries,minecraftLibraries
net.fabricmc.fabric-api:fabric-api-base:0.4.1+b4f4f6cd65=modCompileClasspath,modImplementation
net.fabricmc.fabric-api:fabric-api-lookup-api-v1:1.5.0+17be577f65=modCompileClasspath,modImplementation
net.fabricmc.fabric-api:fabric-api:0.45.2+1.18=modCompileClasspath,modImplementation
net.fabricmc.fabric-api:fabric-biome-api-v1:6.0.1+ded849a965=modCompileClasspath,modImplementation
net.fabricmc.fabric-api:fabric-blockrenderlayer-v1:1.1.9+3ac43d9565=modCompileClasspath,modImplementation
net.fabricmc.fabric-api:fabric-command-api-v1:1.1.6+3ac43d9565=modCompileClasspath,modImplementation
net.fabricmc.fabric-api:fabric-commands-v0:0.2.5+b4f4f6cd65=modCompileClasspath,modImplementation
net.fabricmc.fabric-api:fabric-containers-v0:0.1.18+d154e2c665=modCompileClasspath,modImplementation
net.fabricmc.fabric-api:fabric-content-registries-v0:0.4.5+6f53a73d65=modCompileClasspath,modImplementation
net.fabricmc.fabric-api:fabric-crash-report-info-v1:0.1.8+3ac43d9565=modCompileClasspath,modImplementation
net.fabricmc.fabric-api:fabric-data-generation-api-v1:1.1.1+9b1557c165=modCompileClasspath,modImplementation
net.fabricmc.fabric-api:fabric-dimensions-v1:2.1.9+a1d9bbf565=modCompileClasspath,modImplementation
net.fabricmc.fabric-api:fabric-entity-events-v1:1.4.5+6b21378a65=modCompileClasspath,modImplementation
net.fabricmc.fabric-api:fabric-events-interaction-v0:0.4.16+bfa23f1765=modCompileClasspath,modImplementation
net.fabricmc.fabric-api:fabric-events-lifecycle-v0:0.2.6+b4f4f6cd65=modCompileClasspath,modImplementation
net.fabricmc.fabric-api:fabric-game-rule-api-v1:1.0.10+3ac43d9565=modCompileClasspath,modImplementation
net.fabricmc.fabric-api:fabric-gametest-api-v1:1.0.7+c5d03bcd65=modCompileClasspath,modImplementation
net.fabricmc.fabric-api:fabric-item-api-v1:1.3.0+691a79b565=modCompileClasspath,modImplementation
net.fabricmc.fabric-api:fabric-item-groups-v0:0.3.3+3ac43d9565=modCompileClasspath,modImplementation
net.fabricmc.fabric-api:fabric-key-binding-api-v1:1.0.8+c8aba2f365=modCompileClasspath,modImplementation
net.fabricmc.fabric-api:fabric-keybindings-v0:0.2.6+b4f4f6cd65=modCompileClasspath,modImplementation
net.fabricmc.fabric-api:fabric-lifecycle-events-v1:1.4.10+c15ca33565=modCompileClasspath,modImplementation
net.fabricmc.fabric-api:fabric-loot-tables-v1:1.0.8+3ac43d9565=modCompileClasspath,modImplementation
net.fabricmc.fabric-api:fabric-mining-level-api-v1:1.0.3+3ac43d9565=modCompileClasspath,modImplementation
net.fabricmc.fabric-api:fabric-mining-levels-v0:0.1.8+b4f4f6cd65=modCompileClasspath,modImplementation
net.fabricmc.fabric-api:fabric-models-v0:0.3.3+3ac43d9565=modCompileClasspath,modImplementation
net.fabricmc.fabric-api:fabric-networking-api-v1:1.0.18+3ac43d9565=modCompileClasspath,modImplementation
net.fabricmc.fabric-api:fabric-networking-v0:0.3.5+b4f4f6cd65=modCompileClasspath,modImplementation
net.fabricmc.fabric-api:fabric-object-builder-api-v1:1.11.1+3b82842e65=modCompileClasspath,modImplementation
net.fabricmc.fabric-api:fabric-object-builders-v0:0.7.9+3ac43d9565=modCompileClasspath,modImplementation
net.fabricmc.fabric-api:fabric-particles-v1:0.2.9+526dc1ac65=modCompileClasspath,modImplementation
net.fabricmc.fabric-api:fabric-registry-sync-v0:0.9.0+befed49e65=modCompileClasspath,modImplementation
net.fabricmc.fabric-api:fabric-renderer-api-v1:0.4.9+3ac43d9565=modCompileClasspath,modImplementation
net.fabricmc.fabric-api:fabric-renderer-indigo:0.4.12+3ac43d9565=modCompileClasspath,modImplementation
net.fabricmc.fabric-api:fabric-renderer-registries-v1:3.2.7+b4f4f6cd65=modCompileClasspath,modImplementation
net.fabricmc.fabric-api:fabric-rendering-data-attachment-v1:0.3.4+7242e9d765=modCompileClasspath,modImplementation
net.fabricmc.fabric-api:fabric-rendering-fluids-v1:0.1.18+3ac43d9565=modCompileClasspath,modImplementation
net.fabricmc.fabric-api:fabric-rendering-v0:1.1.9+b4f4f6cd65=modCompileClasspath,modImplementation
net.fabricmc.fabric-api:fabric-rendering-v1:1.10.3+6b21378a65=modCompileClasspath,modImplementation
net.fabricmc.fabric-api:fabric-resource-loader-v0:0.4.11+3ac43d9565=modCompileClasspath,modImplementation
net.fabricmc.fabric-api:fabric-screen-api-v1:1.0.7+3ac43d9565=modCompileClasspath,modImplementation
net.fabricmc.fabric-api:fabric-screen-handler-api-v1:1.1.11+3ac43d9565=modCompileClasspath,modImplementation
net.fabricmc.fabric-api:fabric-structure-api-v1:2.0.8+295197a765=modCompileClasspath,modImplementation
net.fabricmc.fabric-api:fabric-tag-extensions-v0:1.2.5+3ac43d9565=modCompileClasspath,modImplementation
net.fabricmc.fabric-api:fabric-textures-v0:1.0.9+3ac43d9565=modCompileClasspath,modImplementation
net.fabricmc.fabric-api:fabric-tool-attribute-api-v1:1.3.5+fb3b57b465=modCompileClasspath,modImplementation
net.fabricmc.fabric-api:fabric-transfer-api-v1:1.5.6+b4f4f6cd65=modCompileClasspath,modImplementation
net.fabricmc:access-widener:2.0.1=loaderLibraries
net.fabricmc:fabric-loader:0.12.12=modCompileClasspath,modImplementation
net.fabricmc:fabric-loom-native-support:1.0.1=modLocalRuntime
net.fabricmc:sponge-mixin:0.10.7+mixin.0.8.4=loaderLibraries
net.fabricmc:tiny-mappings-parser:0.3.0+build.17=loaderLibraries
net.fabricmc:tiny-remapper:0.6.0=loaderLibraries
net.fabricmc:yarn:1.18.1-rc3+build.1=mappings
net.java.dev.jna:jna-platform:5.9.0=loaderLibraries,minecraftLibraries
net.java.dev.jna:jna:5.9.0=loaderLibraries,minecraftLibraries
net.sf.jopt-simple:jopt-simple:5.0.4=loaderLibraries,minecraftLibraries
org.apache.commons:commons-compress:1.21=loaderLibraries,minecraftLibraries
org.apache.commons:commons-lang3:3.12.0=loaderLibraries,minecraftLibraries
org.apache.httpcomponents:httpclient:4.5.13=loaderLibraries,minecraftLibraries
org.apache.httpcomponents:httpcore:4.4.14=loaderLibraries,minecraftLibraries
org.apache.logging.log4j:log4j-api:2.14.1=loaderLibraries,minecraftLibraries
org.apache.logging.log4j:log4j-core:2.14.1=loaderLibraries,minecraftLibraries
org.apache.logging.log4j:log4j-slf4j18-impl:2.14.1=loaderLibraries,minecraftLibraries
org.lwjgl:lwjgl-glfw:3.3.0=loaderLibraries,minecraftLibraries
org.lwjgl:lwjgl-jemalloc:3.3.0=loaderLibraries,minecraftLibraries
org.lwjgl:lwjgl-openal:3.3.0=loaderLibraries,minecraftLibraries
org.lwjgl:lwjgl-opengl:3.3.0=loaderLibraries,minecraftLibraries
org.lwjgl:lwjgl-stb:3.3.0=loaderLibraries,minecraftLibraries
org.lwjgl:lwjgl-tinyfd:3.3.0=loaderLibraries,minecraftLibraries
org.lwjgl:lwjgl:3.3.0=loaderLibraries,minecraftLibraries
org.ow2.asm:asm-analysis:9.2=loaderLibraries,minecraftLibraries
org.ow2.asm:asm-commons:9.2=loaderLibraries,minecraftLibraries
org.ow2.asm:asm-tree:9.2=loaderLibraries,minecraftLibraries
org.ow2.asm:asm-util:9.2=loaderLibraries,minecraftLibraries
org.ow2.asm:asm:9.2=loaderLibraries,minecraftLibraries
org.slf4j:slf4j-api:1.8.0-beta4=loaderLibraries,minecraftLibraries
empty=modApi,modCompileOnly,modCompileOnlyApi,modRuntimeOnly
