# This is a Gradle generated file for dependency locking.
# Manual edits can break the build and are not advised.
# This file is expected to be part of source control.
ca.weblite:java-objc-bridge:1.0.0=_compileJava_1,compileClasspath,minecraftCopy,minecraftCopy2,runtimeClasspathCopy,runtimeClasspathCopy2
com.electronwill.night-config:core:3.6.4=_compileJava_1,compileClasspath,minecraftCopy,minecraftCopy2,runtimeClasspathCopy,runtimeClasspathCopy2
com.electronwill.night-config:toml:3.6.4=_compileJava_1,compileClasspath,minecraftCopy,minecraftCopy2,runtimeClasspathCopy,runtimeClasspathCopy2
com.github.oshi:oshi-core:5.8.5=_compileJava_1,compileClasspath,minecraftCopy,minecraftCopy2,runtimeClasspathCopy,runtimeClasspathCopy2
com.google.code.findbugs:jsr305:3.0.2=_compileJava_1,compileClasspath,minecraftCopy,minecraftCopy2,runtimeClasspathCopy,runtimeClasspathCopy2
com.google.code.gson:gson:2.8.9=_compileJava_1,compileClasspath,minecraftCopy,minecraftCopy2,runtimeClasspathCopy,runtimeClasspathCopy2
com.google.errorprone:error_prone_annotations:2.7.1=_compileJava_1,compileClasspath,minecraftCopy,minecraftCopy2,runtimeClasspathCopy,runtimeClasspathCopy2
com.google.guava:failureaccess:1.0.1=_compileJava_1,compileClasspath,minecraftCopy,minecraftCopy2,runtimeClasspathCopy,runtimeClasspathCopy2
com.google.guava:guava:31.0.1-jre=_compileJava_1,compileClasspath,minecraftCopy,minecraftCopy2,runtimeClasspathCopy,runtimeClasspathCopy2
com.google.guava:listenablefuture:9999.0-empty-to-avoid-conflict-with-guava=_compileJava_1,compileClasspath,minecraftCopy,minecraftCopy2,runtimeClasspathCopy,runtimeClasspathCopy2
com.google.j2objc:j2objc-annotations:1.3=_compileJava_1,compileClasspath,minecraftCopy,minecraftCopy2,runtimeClasspathCopy,runtimeClasspathCopy2
com.ibm.icu:icu4j:70.1=_compileJava_1,compileClasspath,minecraftCopy,minecraftCopy2,runtimeClasspathCopy,runtimeClasspathCopy2
com.mojang:authlib:3.3.39=_compileJava_1,compileClasspath,minecraftCopy,minecraftCopy2,runtimeClasspathCopy,runtimeClasspathCopy2
com.mojang:blocklist:1.0.10=_compileJava_1,compileClasspath,minecraftCopy,minecraftCopy2,runtimeClasspathCopy,runtimeClasspathCopy2
com.mojang:brigadier:1.0.18=_compileJava_1,compileClasspath,minecraftCopy,minecraftCopy2,runtimeClasspathCopy,runtimeClasspathCopy2
com.mojang:datafixerupper:4.1.27=_compileJava_1,compileClasspath,minecraftCopy,minecraftCopy2,runtimeClasspathCopy,runtimeClasspathCopy2
com.mojang:javabridge:1.2.24=_compileJava_1,compileClasspath,minecraftCopy,minecraftCopy2,runtimeClasspathCopy,runtimeClasspathCopy2
com.mojang:logging:1.0.0=_compileJava_1,compileClasspath,minecraftCopy,minecraftCopy2,runtimeClasspathCopy,runtimeClasspathCopy2
com.mojang:patchy:2.2.10=_compileJava_1,compileClasspath,minecraftCopy,minecraftCopy2,runtimeClasspathCopy,runtimeClasspathCopy2
com.mojang:text2speech:1.12.4=_compileJava_1,compileClasspath,minecraftCopy,minecraftCopy2,runtimeClasspathCopy,runtimeClasspathCopy2
commons-codec:commons-codec:1.15=_compileJava_1,compileClasspath,minecraftCopy,minecraftCopy2,runtimeClasspathCopy,runtimeClasspathCopy2
commons-io:commons-io:2.11.0=_compileJava_1,compileClasspath,minecraftCopy,minecraftCopy2,runtimeClasspathCopy,runtimeClasspathCopy2
commons-logging:commons-logging:1.2=_compileJava_1,compileClasspath,minecraftCopy,minecraftCopy2,runtimeClasspathCopy,runtimeClasspathCopy2
cpw.mods:bootstraplauncher:1.0.0=_compileJava_1,compileClasspath,minecraftCopy,minecraftCopy2,modules_userdev_resolver,runtimeClasspathCopy,runtimeClasspathCopy2
cpw.mods:modlauncher:9.1.3=_compileJava_1,compileClasspath,minecraftCopy,minecraftCopy2,runtimeClasspathCopy,runtimeClasspathCopy2
cpw.mods:securejarhandler:1.0.3=compileClasspath,modules_userdev_resolver
cpw.mods:securejarhandler:1.0.5=_compileJava_1,minecraftCopy,minecraftCopy2,runtimeClasspathCopy,runtimeClasspathCopy2
io.netty:netty-all:4.1.68.Final=_compileJava_1,compileClasspath,minecraftCopy,minecraftCopy2,runtimeClasspathCopy,runtimeClasspathCopy2
it.unimi.dsi:fastutil:8.5.6=_compileJava_1,compileClasspath,minecraftCopy,minecraftCopy2,runtimeClasspathCopy,runtimeClasspathCopy2
net.java.dev.jna:jna-platform:5.10.0=_compileJava_1,compileClasspath,minecraftCopy,minecraftCopy2,runtimeClasspathCopy,runtimeClasspathCopy2
net.java.dev.jna:jna:5.10.0=_compileJava_1,compileClasspath,minecraftCopy,minecraftCopy2,runtimeClasspathCopy,runtimeClasspathCopy2
net.java.dev.jna:jna:5.6.0=kotlinCompilerClasspath
net.jodah:typetools:0.8.3=_compileJava_1,compileClasspath,minecraftCopy,minecraftCopy2,runtimeClasspathCopy,runtimeClasspathCopy2
net.minecraft:client:1.18.2=_compileJava_1,compileClasspath,minecraftCopy,minecraftCopy2,runtimeClasspathCopy,runtimeClasspathCopy2
net.minecraft:mappings_official:1.18.2=compileClasspath,minecraftCopy,minecraftCopy2,runtimeClasspathCopy,runtimeClasspathCopy2
net.minecraftforge:accesstransformers:8.0.4=_compileJava_1,compileClasspath,minecraftCopy,minecraftCopy2,runtimeClasspathCopy,runtimeClasspathCopy2
net.minecraftforge:coremods:5.0.2=_compileJava_1,compileClasspath,minecraftCopy,minecraftCopy2,runtimeClasspathCopy,runtimeClasspathCopy2
net.minecraftforge:eventbus:5.0.7=_compileJava_1,compileClasspath,minecraftCopy,minecraftCopy2,runtimeClasspathCopy,runtimeClasspathCopy2
net.minecraftforge:fmlcore:1.18.2-40.0.11=_compileJava_1,compileClasspath,minecraftCopy,minecraftCopy2,runtimeClasspathCopy,runtimeClasspathCopy2
net.minecraftforge:fmlloader:1.18.2-40.0.11=_compileJava_1,compileClasspath,minecraftCopy,minecraftCopy2,runtimeClasspathCopy,runtimeClasspathCopy2
net.minecraftforge:forge:1.18.2-40.0.11_mapped_official_1.18.2=compileClasspath,minecraftCopy,minecraftCopy2,runtimeClasspathCopy,runtimeClasspathCopy2
net.minecraftforge:forgespi:4.0.11=_compileJava_1,compileClasspath,minecraftCopy,minecraftCopy2,runtimeClasspathCopy,runtimeClasspathCopy2
net.minecraftforge:javafmllanguage:1.18.2-40.0.11=_compileJava_1,compileClasspath,minecraftCopy,minecraftCopy2,runtimeClasspathCopy,runtimeClasspathCopy2
net.minecraftforge:mclanguage:1.18.2-40.0.11=_compileJava_1,compileClasspath,minecraftCopy,minecraftCopy2,runtimeClasspathCopy,runtimeClasspathCopy2
net.minecraftforge:mergetool:1.1.3=_compileJava_1,compileClasspath,minecraftCopy,minecraftCopy2,runtimeClasspathCopy,runtimeClasspathCopy2
net.minecraftforge:srgutils:0.4.3=_compileJava_1,minecraftCopy,minecraftCopy2,runtimeClasspathCopy,runtimeClasspathCopy2
net.minecraftforge:unsafe:0.2.0=_compileJava_1,compileClasspath,minecraftCopy,minecraftCopy2,runtimeClasspathCopy,runtimeClasspathCopy2
net.minecrell:terminalconsoleappender:1.2.0=_compileJava_1,compileClasspath,minecraftCopy,minecraftCopy2,runtimeClasspathCopy,runtimeClasspathCopy2
net.sf.jopt-simple:jopt-simple:5.0.4=_compileJava_1,compileClasspath,minecraftCopy,minecraftCopy2,runtimeClasspathCopy,runtimeClasspathCopy2
org.abego.treelayout:org.abego.treelayout.core:1.0.3=_compileJava_1,compileClasspath,minecraftCopy,minecraftCopy2,runtimeClasspathCopy,runtimeClasspathCopy2
org.antlr:ST4:4.3=_compileJava_1,compileClasspath,minecraftCopy,minecraftCopy2,runtimeClasspathCopy,runtimeClasspathCopy2
org.antlr:antlr-runtime:3.5.2=_compileJava_1,compileClasspath,minecraftCopy,minecraftCopy2,runtimeClasspathCopy,runtimeClasspathCopy2
org.antlr:antlr4-runtime:4.9.1=_compileJava_1,compileClasspath,minecraftCopy,minecraftCopy2,runtimeClasspathCopy,runtimeClasspathCopy2
org.antlr:antlr4:4.9.1=_compileJava_1,compileClasspath,minecraftCopy,minecraftCopy2,runtimeClasspathCopy,runtimeClasspathCopy2
org.apache.commons:commons-compress:1.21=_compileJava_1,compileClasspath,minecraftCopy,minecraftCopy2,runtimeClasspathCopy,runtimeClasspathCopy2
org.apache.commons:commons-lang3:3.12.0=_compileJava_1,compileClasspath,minecraftCopy,minecraftCopy2,runtimeClasspathCopy,runtimeClasspathCopy2
org.apache.httpcomponents:httpclient:4.5.13=_compileJava_1,compileClasspath,minecraftCopy,minecraftCopy2,runtimeClasspathCopy,runtimeClasspathCopy2
org.apache.httpcomponents:httpcore:4.4.14=_compileJava_1,compileClasspath,minecraftCopy,minecraftCopy2,runtimeClasspathCopy,runtimeClasspathCopy2
org.apache.logging.log4j:log4j-api:2.17.0=compileClasspath
org.apache.logging.log4j:log4j-api:2.17.1=_compileJava_1,minecraftCopy,minecraftCopy2,runtimeClasspathCopy,runtimeClasspathCopy2
org.apache.logging.log4j:log4j-core:2.17.0=compileClasspath
org.apache.logging.log4j:log4j-core:2.17.1=_compileJava_1,minecraftCopy,minecraftCopy2,runtimeClasspathCopy,runtimeClasspathCopy2
org.apache.logging.log4j:log4j-slf4j18-impl:2.17.0=_compileJava_1,compileClasspath,minecraftCopy,minecraftCopy2,runtimeClasspathCopy,runtimeClasspathCopy2
org.apache.maven:maven-artifact:3.8.1=_compileJava_1,compileClasspath,minecraftCopy,minecraftCopy2,runtimeClasspathCopy,runtimeClasspathCopy2
org.checkerframework:checker-qual:3.12.0=_compileJava_1,compileClasspath,minecraftCopy,minecraftCopy2,runtimeClasspathCopy,runtimeClasspathCopy2
org.codehaus.plexus:plexus-utils:3.2.1=_compileJava_1,compileClasspath,minecraftCopy,minecraftCopy2,runtimeClasspathCopy,runtimeClasspathCopy2
org.glassfish:javax.json:1.0.4=_compileJava_1,compileClasspath,minecraftCopy,minecraftCopy2,runtimeClasspathCopy,runtimeClasspathCopy2
org.jetbrains.intellij.deps:trove4j:1.0.20200330=kotlinCompilerClasspath
org.jetbrains.kotlin:kotlin-compiler-embeddable:1.6.20-RC=kotlinCompilerClasspath
org.jetbrains.kotlin:kotlin-daemon-embeddable:1.6.20-RC=kotlinCompilerClasspath
org.jetbrains.kotlin:kotlin-reflect:1.6.20-RC=kotlinCompilerClasspath
org.jetbrains.kotlin:kotlin-script-runtime:1.6.20-RC=kotlinCompilerClasspath,kotlinCompilerPluginClasspathMain
org.jetbrains.kotlin:kotlin-scripting-common:1.6.20-RC=kotlinCompilerPluginClasspathMain
org.jetbrains.kotlin:kotlin-scripting-compiler-embeddable:1.6.20-RC=kotlinCompilerPluginClasspathMain
org.jetbrains.kotlin:kotlin-scripting-compiler-impl-embeddable:1.6.20-RC=kotlinCompilerPluginClasspathMain
org.jetbrains.kotlin:kotlin-scripting-jvm:1.6.20-RC=kotlinCompilerPluginClasspathMain
org.jetbrains.kotlin:kotlin-stdlib-common:1.6.20-RC=compileClasspath,kotlinCompilerClasspath,kotlinCompilerPluginClasspathMain
org.jetbrains.kotlin:kotlin-stdlib-common:1.7.0=runtimeClasspathCopy,runtimeClasspathCopy2,shadow
org.jetbrains.kotlin:kotlin-stdlib-jdk7:1.6.20-RC=compileClasspath
org.jetbrains.kotlin:kotlin-stdlib-jdk7:1.7.0=runtimeClasspathCopy,runtimeClasspathCopy2,shadow
org.jetbrains.kotlin:kotlin-stdlib-jdk8:1.6.20-RC=compileClasspath
org.jetbrains.kotlin:kotlin-stdlib-jdk8:1.7.0=runtimeClasspathCopy,runtimeClasspathCopy2,shadow
org.jetbrains.kotlin:kotlin-stdlib:1.6.20-RC=compileClasspath,kotlinCompilerClasspath,kotlinCompilerPluginClasspathMain
org.jetbrains.kotlin:kotlin-stdlib:1.7.0=runtimeClasspathCopy,runtimeClasspathCopy2,shadow
org.jetbrains:annotations:13.0=kotlinCompilerClasspath,kotlinCompilerPluginClasspathMain,shadow
org.jetbrains:annotations:23.0.0=_compileJava_1,compileClasspath,minecraftCopy,minecraftCopy2,runtimeClasspathCopy,runtimeClasspathCopy2
org.jline:jline-reader:3.12.1=_compileJava_1,compileClasspath,minecraftCopy,minecraftCopy2,runtimeClasspathCopy,runtimeClasspathCopy2
org.jline:jline-terminal:3.12.1=_compileJava_1,compileClasspath,minecraftCopy,minecraftCopy2,runtimeClasspathCopy,runtimeClasspathCopy2
org.lwjgl:lwjgl-glfw:3.2.1=_compileJava_1,compileClasspath,minecraftCopy,minecraftCopy2,runtimeClasspathCopy,runtimeClasspathCopy2
org.lwjgl:lwjgl-jemalloc:3.2.1=_compileJava_1,compileClasspath,minecraftCopy,minecraftCopy2,runtimeClasspathCopy,runtimeClasspathCopy2
org.lwjgl:lwjgl-openal:3.2.1=_compileJava_1,compileClasspath,minecraftCopy,minecraftCopy2,runtimeClasspathCopy,runtimeClasspathCopy2
org.lwjgl:lwjgl-opengl:3.2.1=_compileJava_1,compileClasspath,minecraftCopy,minecraftCopy2,runtimeClasspathCopy,runtimeClasspathCopy2
org.lwjgl:lwjgl-stb:3.2.1=_compileJava_1,compileClasspath,minecraftCopy,minecraftCopy2,runtimeClasspathCopy,runtimeClasspathCopy2
org.lwjgl:lwjgl-tinyfd:3.2.1=_compileJava_1,compileClasspath,minecraftCopy,minecraftCopy2,runtimeClasspathCopy,runtimeClasspathCopy2
org.lwjgl:lwjgl:3.2.1=_compileJava_1,compileClasspath,minecraftCopy,minecraftCopy2,runtimeClasspathCopy,runtimeClasspathCopy2
org.openjdk.nashorn:nashorn-core:15.3=_compileJava_1,compileClasspath,minecraftCopy,minecraftCopy2,runtimeClasspathCopy,runtimeClasspathCopy2
org.ow2.asm:asm-analysis:9.2=_compileJava_1,compileClasspath,minecraftCopy,minecraftCopy2,modules_userdev_resolver,runtimeClasspathCopy,runtimeClasspathCopy2
org.ow2.asm:asm-commons:9.2=_compileJava_1,compileClasspath,minecraftCopy,minecraftCopy2,modules_userdev_resolver,runtimeClasspathCopy,runtimeClasspathCopy2
org.ow2.asm:asm-tree:9.2=_compileJava_1,compileClasspath,minecraftCopy,minecraftCopy2,modules_userdev_resolver,runtimeClasspathCopy,runtimeClasspathCopy2
org.ow2.asm:asm-util:9.2=_compileJava_1,compileClasspath,minecraftCopy,minecraftCopy2,modules_userdev_resolver,runtimeClasspathCopy,runtimeClasspathCopy2
org.ow2.asm:asm:9.2=_compileJava_1,compileClasspath,minecraftCopy,minecraftCopy2,modules_userdev_resolver,runtimeClasspathCopy,runtimeClasspathCopy2
org.slf4j:slf4j-api:1.8.0-beta4=_compileJava_1,compileClasspath,minecraftCopy,minecraftCopy2,runtimeClasspathCopy,runtimeClasspathCopy2
org.spongepowered:mixin:0.8.5=_compileJava_1,compileClasspath,minecraftCopy,minecraftCopy2,runtimeClasspathCopy,runtimeClasspathCopy2
empty=
